
Microsoft Visual Studio Solution File, Format Version 12.00
# Visual Studio Version 16
VisualStudioVersion = 16.0.30225.117
MinimumVisualStudioVersion = 10.0.40219.1
Project("{9A19103F-16F7-4668-BE54-9A1E7A4F7556}") = "BrokenProtocol.Server", "BrokenProtocol.Server\BrokenProtocol.Server.csproj", "{B674A281-FA28-4BCD-A90A-A51445E42212}"
EndProject
Project("{9A19103F-16F7-4668-BE54-9A1E7A4F7556}") = "BrokenProtocol.Client", "BrokenProtocol.Client\BrokenProtocol.Client.csproj", "{91B34AAA-4925-4773-9E0A-9CB514A32FCF}"
EndProject
Project("{9A19103F-16F7-4668-BE54-9A1E7A4F7556}") = "BrokenProtocol.Tests", "BrokenProtocol.Tests\BrokenProtocol.Tests.csproj", "{4A0545C5-3A62-46D8-B782-5394C4D28DA5}"
EndProject
Project("{FAE04EC0-301F-11D3-BF4B-00C04F79EFBC}") = "BrokenProtocol.Shared", "BrokenProtocol.Shared\BrokenProtocol.Shared.csproj", "{55D75CD9-5013-4B43-8151-911FC3D18A3E}"
EndProject
Global
	GlobalSection(SolutionConfigurationPlatforms) = preSolution
		Debug|Any CPU = Debug|Any CPU
		Release|Any CPU = Release|Any CPU
	EndGlobalSection
	GlobalSection(ProjectConfigurationPlatforms) = postSolution
		{B674A281-FA28-4BCD-A90A-A51445E42212}.Debug|Any CPU.ActiveCfg = Debug|Any CPU
		{B674A281-FA28-4BCD-A90A-A51445E42212}.Debug|Any CPU.Build.0 = Debug|Any CPU
		{B674A281-FA28-4BCD-A90A-A51445E42212}.Release|Any CPU.ActiveCfg = Release|Any CPU
		{B674A281-FA28-4BCD-A90A-A51445E42212}.Release|Any CPU.Build.0 = Release|Any CPU
		{91B34AAA-4925-4773-9E0A-9CB514A32FCF}.Debug|Any CPU.ActiveCfg = Debug|Any CPU
		{91B34AAA-4925-4773-9E0A-9CB514A32FCF}.Debug|Any CPU.Build.0 = Debug|Any CPU
		{91B34AAA-4925-4773-9E0A-9CB514A32FCF}.Release|Any CPU.ActiveCfg = Release|Any CPU
		{91B34AAA-4925-4773-9E0A-9CB514A32FCF}.Release|Any CPU.Build.0 = Release|Any CPU
		{4A0545C5-3A62-46D8-B782-5394C4D28DA5}.Debug|Any CPU.ActiveCfg = Debug|Any CPU
		{4A0545C5-3A62-46D8-B782-5394C4D28DA5}.Debug|Any CPU.Build.0 = Debug|Any CPU
		{4A0545C5-3A62-46D8-B782-5394C4D28DA5}.Release|Any CPU.ActiveCfg = Release|Any CPU
		{4A0545C5-3A62-46D8-B782-5394C4D28DA5}.Release|Any CPU.Build.0 = Release|Any CPU
		{55D75CD9-5013-4B43-8151-911FC3D18A3E}.Debug|Any CPU.ActiveCfg = Debug|Any CPU
		{55D75CD9-5013-4B43-8151-911FC3D18A3E}.Debug|Any CPU.Build.0 = Debug|Any CPU
		{55D75CD9-5013-4B43-8151-911FC3D18A3E}.Release|Any CPU.ActiveCfg = Release|Any CPU
		{55D75CD9-5013-4B43-8151-911FC3D18A3E}.Release|Any CPU.Build.0 = Release|Any CPU
	EndGlobalSection
	GlobalSection(SolutionProperties) = preSolution
		HideSolutionNode = FALSE
	EndGlobalSection
	GlobalSection(ExtensibilityGlobals) = postSolution
		SolutionGuid = {3E71390B-8851-4FC5-B306-FFA23DCC35D7}
	EndGlobalSection
EndGlobal
